
Microsoft Visual Studio Solution File, Format Version 12.00
# Visual Studio Version 17
VisualStudioVersion = 17.9.34728.123
MinimumVisualStudioVersion = 10.0.40219.1
Project("{2150E333-8FDC-42A3-9474-1A3956D46DE8}") = "Services", "Services", "{BF07B135-F9CA-40A6-806D-BF0E83B44048}"
EndProject
Project("{2150E333-8FDC-42A3-9474-1A3956D46DE8}") = "Catalog", "Catalog", "{7DE73F4D-FF94-47EC-8542-02A8DAF8D7D4}"
EndProject
Project("{9A19103F-16F7-4668-BE54-9A1E7A4F7556}") = "MultiShop.Catalog", "Catalog\MultiShop.Catalog\MultiShop.Catalog.csproj", "{6089A982-2EA7-4300-BF1D-434689E50BDD}"
EndProject
Project("{2150E333-8FDC-42A3-9474-1A3956D46DE8}") = "Discount", "Discount", "{B0EC2C52-E3EC-4C2E-8A0A-07508E0B3112}"
EndProject
Project("{9A19103F-16F7-4668-BE54-9A1E7A4F7556}") = "MultiShop.Discount", "Services\Discount\MultiShop.Discount\MultiShop.Discount.csproj", "{A96ED19A-1899-4C3B-AFCA-8B1AD579904B}"
EndProject
Project("{2150E333-8FDC-42A3-9474-1A3956D46DE8}") = "Order", "Order", "{2A82D2AF-594E-4330-A3C9-2912B1EEF0E7}"
EndProject
Project("{2150E333-8FDC-42A3-9474-1A3956D46DE8}") = "Core", "Core", "{CC90D005-2EFD-4615-BE35-2E3345A328C5}"
EndProject
Project("{2150E333-8FDC-42A3-9474-1A3956D46DE8}") = "Infrastructure", "Infrastructure", "{A41C6012-E125-460A-9EDB-6B6A99B94604}"
EndProject
Project("{2150E333-8FDC-42A3-9474-1A3956D46DE8}") = "Presentation", "Presentation", "{E49AF8EF-CCC8-4C1C-8FB6-3102FA04A67A}"
EndProject
Project("{9A19103F-16F7-4668-BE54-9A1E7A4F7556}") = "MultiShop.Order.Domain", "Services\Order\Core\MultiShop.Order.Domain\MultiShop.Order.Domain.csproj", "{2EA75644-F0C2-4038-BE41-0DC7C1E350F4}"
EndProject
Project("{9A19103F-16F7-4668-BE54-9A1E7A4F7556}") = "MultiShop.Order.Application", "Services\Order\Core\MultiShop.Order.Application\MultiShop.Order.Application.csproj", "{73709CE2-0E2A-431A-A7E4-25D8D55E2D4E}"
EndProject
Project("{9A19103F-16F7-4668-BE54-9A1E7A4F7556}") = "MultiShop.Order.Persistence", "Services\Order\Infrastructure\MultiShop.Order.Persistence\MultiShop.Order.Persistence.csproj", "{C0ACB0F6-B82A-4AAA-8E85-4CC91938C1C8}"
EndProject
Project("{9A19103F-16F7-4668-BE54-9A1E7A4F7556}") = "MultiShop.Order.WebApi", "Services\Order\Presentation\MultiShop.Order.WebApi\MultiShop.Order.WebApi.csproj", "{0D7482FA-3ADF-4F3A-B9CC-60E411FE1AB4}"
EndProject
Project("{2150E333-8FDC-42A3-9474-1A3956D46DE8}") = "IdentityServer", "IdentityServer", "{23EA65B3-875C-4396-9749-2435D0B4C7D7}"
EndProject
Project("{9A19103F-16F7-4668-BE54-9A1E7A4F7556}") = "Multishop.IdentityServer", "IdentityServer\Multishop.IdentityServer\Multishop.IdentityServer.csproj", "{8C05FF14-E0CA-4C94-A6E5-72C781D37F59}"
EndProject
Project("{2150E333-8FDC-42A3-9474-1A3956D46DE8}") = "Cargo", "Cargo", "{C327D294-91D4-4E92-B733-B4D398255FE5}"
EndProject
Project("{9A19103F-16F7-4668-BE54-9A1E7A4F7556}") = "MultiShop.Cargo.EntityLayer", "Services\Cargo\MultiShop.Cargo.EntityLayer\MultiShop.Cargo.EntityLayer.csproj", "{ACA53D58-5278-47B0-AE7D-5FF27868248A}"
EndProject
Project("{9A19103F-16F7-4668-BE54-9A1E7A4F7556}") = "MultiShop.Cargo.BusinessLayer", "Services\Cargo\MultiShop.Cargo.BusinessLayer\MultiShop.Cargo.BusinessLayer.csproj", "{69A1B4F1-F0D6-4D88-A562-23DBFD7837EE}"
EndProject
Project("{9A19103F-16F7-4668-BE54-9A1E7A4F7556}") = "MultiShop.Cargo.DataAccessLayer", "Services\Cargo\MultiShop.Cargo.DataAccessLayer\MultiShop.Cargo.DataAccessLayer.csproj", "{7870E66A-02A6-453D-9F63-156A767DC9BF}"
EndProject
Project("{9A19103F-16F7-4668-BE54-9A1E7A4F7556}") = "MultiShop.Cargo.DtoLayer", "Services\Cargo\MultiShop.Cargo.DtoLayer\MultiShop.Cargo.DtoLayer.csproj", "{1B826605-77E8-4E45-AE63-A4AF46523156}"
EndProject
Project("{9A19103F-16F7-4668-BE54-9A1E7A4F7556}") = "MultiShop.Cargo.WebApi", "Services\Cargo\MultiShop.Cargo.WebApi\MultiShop.Cargo.WebApi.csproj", "{5BD2F77F-0F6A-4D5E-9BA5-0127FE3CB756}"
EndProject
Project("{2150E333-8FDC-42A3-9474-1A3956D46DE8}") = "Basket", "Basket", "{A49FAB52-02B1-4E18-A072-D41751E36853}"
EndProject
Project("{9A19103F-16F7-4668-BE54-9A1E7A4F7556}") = "MultiShop.Basket", "Services\Basket\MultiShop.Basket\MultiShop.Basket.csproj", "{6FBCA170-F638-408C-8D35-8105FACDCFC1}"
EndProject
Project("{2150E333-8FDC-42A3-9474-1A3956D46DE8}") = "Frontends", "Frontends", "{3DE0CA82-6FB3-449D-A310-0394CBAD604A}"
EndProject
Project("{FAE04EC0-301F-11D3-BF4B-00C04F79EFBC}") = "MultiShop.WebUI", "Frontends\MultiShop.WebUI\MultiShop.WebUI.csproj", "{8D3CDB53-18F9-4346-90E2-D93F6A95C2BF}"
EndProject
Global
	GlobalSection(SolutionConfigurationPlatforms) = preSolution
		Debug|Any CPU = Debug|Any CPU
		Release|Any CPU = Release|Any CPU
	EndGlobalSection
	GlobalSection(ProjectConfigurationPlatforms) = postSolution
		{6089A982-2EA7-4300-BF1D-434689E50BDD}.Debug|Any CPU.ActiveCfg = Debug|Any CPU
		{6089A982-2EA7-4300-BF1D-434689E50BDD}.Debug|Any CPU.Build.0 = Debug|Any CPU
		{6089A982-2EA7-4300-BF1D-434689E50BDD}.Release|Any CPU.ActiveCfg = Release|Any CPU
		{6089A982-2EA7-4300-BF1D-434689E50BDD}.Release|Any CPU.Build.0 = Release|Any CPU
		{A96ED19A-1899-4C3B-AFCA-8B1AD579904B}.Debug|Any CPU.ActiveCfg = Debug|Any CPU
		{A96ED19A-1899-4C3B-AFCA-8B1AD579904B}.Debug|Any CPU.Build.0 = Debug|Any CPU
		{A96ED19A-1899-4C3B-AFCA-8B1AD579904B}.Release|Any CPU.ActiveCfg = Release|Any CPU
		{A96ED19A-1899-4C3B-AFCA-8B1AD579904B}.Release|Any CPU.Build.0 = Release|Any CPU
		{2EA75644-F0C2-4038-BE41-0DC7C1E350F4}.Debug|Any CPU.ActiveCfg = Debug|Any CPU
		{2EA75644-F0C2-4038-BE41-0DC7C1E350F4}.Debug|Any CPU.Build.0 = Debug|Any CPU
		{2EA75644-F0C2-4038-BE41-0DC7C1E350F4}.Release|Any CPU.ActiveCfg = Release|Any CPU
		{2EA75644-F0C2-4038-BE41-0DC7C1E350F4}.Release|Any CPU.Build.0 = Release|Any CPU
		{73709CE2-0E2A-431A-A7E4-25D8D55E2D4E}.Debug|Any CPU.ActiveCfg = Debug|Any CPU
		{73709CE2-0E2A-431A-A7E4-25D8D55E2D4E}.Debug|Any CPU.Build.0 = Debug|Any CPU
		{73709CE2-0E2A-431A-A7E4-25D8D55E2D4E}.Release|Any CPU.ActiveCfg = Release|Any CPU
		{73709CE2-0E2A-431A-A7E4-25D8D55E2D4E}.Release|Any CPU.Build.0 = Release|Any CPU
		{C0ACB0F6-B82A-4AAA-8E85-4CC91938C1C8}.Debug|Any CPU.ActiveCfg = Debug|Any CPU
		{C0ACB0F6-B82A-4AAA-8E85-4CC91938C1C8}.Debug|Any CPU.Build.0 = Debug|Any CPU
		{C0ACB0F6-B82A-4AAA-8E85-4CC91938C1C8}.Release|Any CPU.ActiveCfg = Release|Any CPU
		{C0ACB0F6-B82A-4AAA-8E85-4CC91938C1C8}.Release|Any CPU.Build.0 = Release|Any CPU
		{0D7482FA-3ADF-4F3A-B9CC-60E411FE1AB4}.Debug|Any CPU.ActiveCfg = Debug|Any CPU
		{0D7482FA-3ADF-4F3A-B9CC-60E411FE1AB4}.Debug|Any CPU.Build.0 = Debug|Any CPU
		{0D7482FA-3ADF-4F3A-B9CC-60E411FE1AB4}.Release|Any CPU.ActiveCfg = Release|Any CPU
		{0D7482FA-3ADF-4F3A-B9CC-60E411FE1AB4}.Release|Any CPU.Build.0 = Release|Any CPU
		{8C05FF14-E0CA-4C94-A6E5-72C781D37F59}.Debug|Any CPU.ActiveCfg = Debug|Any CPU
		{8C05FF14-E0CA-4C94-A6E5-72C781D37F59}.Debug|Any CPU.Build.0 = Debug|Any CPU
		{8C05FF14-E0CA-4C94-A6E5-72C781D37F59}.Release|Any CPU.ActiveCfg = Release|Any CPU
		{8C05FF14-E0CA-4C94-A6E5-72C781D37F59}.Release|Any CPU.Build.0 = Release|Any CPU
		{ACA53D58-5278-47B0-AE7D-5FF27868248A}.Debug|Any CPU.ActiveCfg = Debug|Any CPU
		{ACA53D58-5278-47B0-AE7D-5FF27868248A}.Debug|Any CPU.Build.0 = Debug|Any CPU
		{ACA53D58-5278-47B0-AE7D-5FF27868248A}.Release|Any CPU.ActiveCfg = Release|Any CPU
		{ACA53D58-5278-47B0-AE7D-5FF27868248A}.Release|Any CPU.Build.0 = Release|Any CPU
		{69A1B4F1-F0D6-4D88-A562-23DBFD7837EE}.Debug|Any CPU.ActiveCfg = Debug|Any CPU
		{69A1B4F1-F0D6-4D88-A562-23DBFD7837EE}.Debug|Any CPU.Build.0 = Debug|Any CPU
		{69A1B4F1-F0D6-4D88-A562-23DBFD7837EE}.Release|Any CPU.ActiveCfg = Release|Any CPU
		{69A1B4F1-F0D6-4D88-A562-23DBFD7837EE}.Release|Any CPU.Build.0 = Release|Any CPU
		{7870E66A-02A6-453D-9F63-156A767DC9BF}.Debug|Any CPU.ActiveCfg = Debug|Any CPU
		{7870E66A-02A6-453D-9F63-156A767DC9BF}.Debug|Any CPU.Build.0 = Debug|Any CPU
		{7870E66A-02A6-453D-9F63-156A767DC9BF}.Release|Any CPU.ActiveCfg = Release|Any CPU
		{7870E66A-02A6-453D-9F63-156A767DC9BF}.Release|Any CPU.Build.0 = Release|Any CPU
		{1B826605-77E8-4E45-AE63-A4AF46523156}.Debug|Any CPU.ActiveCfg = Debug|Any CPU
		{1B826605-77E8-4E45-AE63-A4AF46523156}.Debug|Any CPU.Build.0 = Debug|Any CPU
		{1B826605-77E8-4E45-AE63-A4AF46523156}.Release|Any CPU.ActiveCfg = Release|Any CPU
		{1B826605-77E8-4E45-AE63-A4AF46523156}.Release|Any CPU.Build.0 = Release|Any CPU
		{5BD2F77F-0F6A-4D5E-9BA5-0127FE3CB756}.Debug|Any CPU.ActiveCfg = Debug|Any CPU
		{5BD2F77F-0F6A-4D5E-9BA5-0127FE3CB756}.Debug|Any CPU.Build.0 = Debug|Any CPU
		{5BD2F77F-0F6A-4D5E-9BA5-0127FE3CB756}.Release|Any CPU.ActiveCfg = Release|Any CPU
		{5BD2F77F-0F6A-4D5E-9BA5-0127FE3CB756}.Release|Any CPU.Build.0 = Release|Any CPU
		{6FBCA170-F638-408C-8D35-8105FACDCFC1}.Debug|Any CPU.ActiveCfg = Debug|Any CPU
		{6FBCA170-F638-408C-8D35-8105FACDCFC1}.Debug|Any CPU.Build.0 = Debug|Any CPU
		{6FBCA170-F638-408C-8D35-8105FACDCFC1}.Release|Any CPU.ActiveCfg = Release|Any CPU
		{6FBCA170-F638-408C-8D35-8105FACDCFC1}.Release|Any CPU.Build.0 = Release|Any CPU
		{8D3CDB53-18F9-4346-90E2-D93F6A95C2BF}.Debug|Any CPU.ActiveCfg = Debug|Any CPU
		{8D3CDB53-18F9-4346-90E2-D93F6A95C2BF}.Debug|Any CPU.Build.0 = Debug|Any CPU
		{8D3CDB53-18F9-4346-90E2-D93F6A95C2BF}.Release|Any CPU.ActiveCfg = Release|Any CPU
		{8D3CDB53-18F9-4346-90E2-D93F6A95C2BF}.Release|Any CPU.Build.0 = Release|Any CPU
	EndGlobalSection
	GlobalSection(SolutionProperties) = preSolution
		HideSolutionNode = FALSE
	EndGlobalSection
	GlobalSection(NestedProjects) = preSolution
		{7DE73F4D-FF94-47EC-8542-02A8DAF8D7D4} = {BF07B135-F9CA-40A6-806D-BF0E83B44048}
		{6089A982-2EA7-4300-BF1D-434689E50BDD} = {7DE73F4D-FF94-47EC-8542-02A8DAF8D7D4}
		{B0EC2C52-E3EC-4C2E-8A0A-07508E0B3112} = {BF07B135-F9CA-40A6-806D-BF0E83B44048}
		{A96ED19A-1899-4C3B-AFCA-8B1AD579904B} = {B0EC2C52-E3EC-4C2E-8A0A-07508E0B3112}
		{2A82D2AF-594E-4330-A3C9-2912B1EEF0E7} = {BF07B135-F9CA-40A6-806D-BF0E83B44048}
		{CC90D005-2EFD-4615-BE35-2E3345A328C5} = {2A82D2AF-594E-4330-A3C9-2912B1EEF0E7}
		{A41C6012-E125-460A-9EDB-6B6A99B94604} = {2A82D2AF-594E-4330-A3C9-2912B1EEF0E7}
		{E49AF8EF-CCC8-4C1C-8FB6-3102FA04A67A} = {2A82D2AF-594E-4330-A3C9-2912B1EEF0E7}
		{2EA75644-F0C2-4038-BE41-0DC7C1E350F4} = {CC90D005-2EFD-4615-BE35-2E3345A328C5}
		{73709CE2-0E2A-431A-A7E4-25D8D55E2D4E} = {CC90D005-2EFD-4615-BE35-2E3345A328C5}
		{C0ACB0F6-B82A-4AAA-8E85-4CC91938C1C8} = {A41C6012-E125-460A-9EDB-6B6A99B94604}
		{0D7482FA-3ADF-4F3A-B9CC-60E411FE1AB4} = {E49AF8EF-CCC8-4C1C-8FB6-3102FA04A67A}
		{8C05FF14-E0CA-4C94-A6E5-72C781D37F59} = {23EA65B3-875C-4396-9749-2435D0B4C7D7}
		{C327D294-91D4-4E92-B733-B4D398255FE5} = {BF07B135-F9CA-40A6-806D-BF0E83B44048}
		{ACA53D58-5278-47B0-AE7D-5FF27868248A} = {C327D294-91D4-4E92-B733-B4D398255FE5}
		{69A1B4F1-F0D6-4D88-A562-23DBFD7837EE} = {C327D294-91D4-4E92-B733-B4D398255FE5}
		{7870E66A-02A6-453D-9F63-156A767DC9BF} = {C327D294-91D4-4E92-B733-B4D398255FE5}
		{1B826605-77E8-4E45-AE63-A4AF46523156} = {C327D294-91D4-4E92-B733-B4D398255FE5}
		{5BD2F77F-0F6A-4D5E-9BA5-0127FE3CB756} = {C327D294-91D4-4E92-B733-B4D398255FE5}
		{A49FAB52-02B1-4E18-A072-D41751E36853} = {BF07B135-F9CA-40A6-806D-BF0E83B44048}
		{6FBCA170-F638-408C-8D35-8105FACDCFC1} = {A49FAB52-02B1-4E18-A072-D41751E36853}
		{8D3CDB53-18F9-4346-90E2-D93F6A95C2BF} = {3DE0CA82-6FB3-449D-A310-0394CBAD604A}
	EndGlobalSection
	GlobalSection(ExtensibilityGlobals) = postSolution
		SolutionGuid = {1EEA9C65-873A-4216-8EE1-88B62AE2AFAA}
	EndGlobalSection
EndGlobal
